
Microsoft Visual Studio Solution File, Format Version 12.00
# Visual Studio Version 16
VisualStudioVersion = 16.0.29123.89
MinimumVisualStudioVersion = 10.0.40219.1
Project("{9A19103F-16F7-4668-BE54-9A1E7A4F7556}") = "Autopilot", "Autopilot\Autopilot.csproj", "{22D1CE17-2156-4F9B-87D2-731C5FED6EBE}"
EndProject
Project("{9A19103F-16F7-4668-BE54-9A1E7A4F7556}") = "VoiceMessageResponder", "VoiceMessageResponder\VoiceMessageResponder.csproj", "{EFF024C8-D4CC-4DDA-96C5-68B91DB14027}"
EndProject
Project("{9A19103F-16F7-4668-BE54-9A1E7A4F7556}") = "TwilioConferenceCalling", "TwilioConferenceCalling\TwilioConferenceCalling.csproj", "{446C6644-22E5-4CE1-A6A1-253AF7656C75}"
EndProject
Project("{FAE04EC0-301F-11D3-BF4B-00C04F79EFBC}") = "CallSidWebApp", "CallSidWebApp\CallSidWebApp.csproj", "{596E3445-FF51-4814-BD35-789FEE06CEF7}"
EndProject
Global
	GlobalSection(SolutionConfigurationPlatforms) = preSolution
		Debug|Any CPU = Debug|Any CPU
		Release|Any CPU = Release|Any CPU
	EndGlobalSection
	GlobalSection(ProjectConfigurationPlatforms) = postSolution
		{22D1CE17-2156-4F9B-87D2-731C5FED6EBE}.Debug|Any CPU.ActiveCfg = Debug|Any CPU
		{22D1CE17-2156-4F9B-87D2-731C5FED6EBE}.Debug|Any CPU.Build.0 = Debug|Any CPU
		{22D1CE17-2156-4F9B-87D2-731C5FED6EBE}.Release|Any CPU.ActiveCfg = Release|Any CPU
		{22D1CE17-2156-4F9B-87D2-731C5FED6EBE}.Release|Any CPU.Build.0 = Release|Any CPU
		{EFF024C8-D4CC-4DDA-96C5-68B91DB14027}.Debug|Any CPU.ActiveCfg = Debug|Any CPU
		{EFF024C8-D4CC-4DDA-96C5-68B91DB14027}.Debug|Any CPU.Build.0 = Debug|Any CPU
		{EFF024C8-D4CC-4DDA-96C5-68B91DB14027}.Release|Any CPU.ActiveCfg = Release|Any CPU
		{EFF024C8-D4CC-4DDA-96C5-68B91DB14027}.Release|Any CPU.Build.0 = Release|Any CPU
		{446C6644-22E5-4CE1-A6A1-253AF7656C75}.Debug|Any CPU.ActiveCfg = Debug|Any CPU
		{446C6644-22E5-4CE1-A6A1-253AF7656C75}.Debug|Any CPU.Build.0 = Debug|Any CPU
		{446C6644-22E5-4CE1-A6A1-253AF7656C75}.Release|Any CPU.ActiveCfg = Release|Any CPU
		{446C6644-22E5-4CE1-A6A1-253AF7656C75}.Release|Any CPU.Build.0 = Release|Any CPU
		{596E3445-FF51-4814-BD35-789FEE06CEF7}.Debug|Any CPU.ActiveCfg = Debug|Any CPU
		{596E3445-FF51-4814-BD35-789FEE06CEF7}.Debug|Any CPU.Build.0 = Debug|Any CPU
		{596E3445-FF51-4814-BD35-789FEE06CEF7}.Release|Any CPU.ActiveCfg = Release|Any CPU
		{596E3445-FF51-4814-BD35-789FEE06CEF7}.Release|Any CPU.Build.0 = Release|Any CPU
	EndGlobalSection
	GlobalSection(SolutionProperties) = preSolution
		HideSolutionNode = FALSE
	EndGlobalSection
	GlobalSection(ExtensibilityGlobals) = postSolution
		SolutionGuid = {BE6A1122-B1E1-4C53-AB9B-00FECA4A6A1B}
	EndGlobalSection
EndGlobal
